
Microsoft Visual Studio Solution File, Format Version 12.00
# Visual Studio Version 16
VisualStudioVersion = 16.0.31005.135
MinimumVisualStudioVersion = 10.0.40219.1
Project("{FAE04EC0-301F-11D3-BF4B-00C04F79EFBC}") = "tdd-by-example-the-money-test", "tdd-by-example-the-money-test\tdd-by-example-the-money-test.csproj", "{EBDF6058-976F-48B8-878E-9AF41F6013C2}"
EndProject
Project("{FAE04EC0-301F-11D3-BF4B-00C04F79EFBC}") = "tdd-by-example-the-money", "tdd-by-example-the-money\tdd-by-example-the-money.csproj", "{DEE8BB58-CC25-4162-A74F-18A4D4076314}"
EndProject
Global
	GlobalSection(SolutionConfigurationPlatforms) = preSolution
		Debug|Any CPU = Debug|Any CPU
		Release|Any CPU = Release|Any CPU
	EndGlobalSection
	GlobalSection(ProjectConfigurationPlatforms) = postSolution
		{EBDF6058-976F-48B8-878E-9AF41F6013C2}.Debug|Any CPU.ActiveCfg = Debug|Any CPU
		{EBDF6058-976F-48B8-878E-9AF41F6013C2}.Debug|Any CPU.Build.0 = Debug|Any CPU
		{EBDF6058-976F-48B8-878E-9AF41F6013C2}.Release|Any CPU.ActiveCfg = Release|Any CPU
		{EBDF6058-976F-48B8-878E-9AF41F6013C2}.Release|Any CPU.Build.0 = Release|Any CPU
		{DEE8BB58-CC25-4162-A74F-18A4D4076314}.Debug|Any CPU.ActiveCfg = Debug|Any CPU
		{DEE8BB58-CC25-4162-A74F-18A4D4076314}.Debug|Any CPU.Build.0 = Debug|Any CPU
		{DEE8BB58-CC25-4162-A74F-18A4D4076314}.Release|Any CPU.ActiveCfg = Release|Any CPU
		{DEE8BB58-CC25-4162-A74F-18A4D4076314}.Release|Any CPU.Build.0 = Release|Any CPU
	EndGlobalSection
	GlobalSection(SolutionProperties) = preSolution
		HideSolutionNode = FALSE
	EndGlobalSection
	GlobalSection(ExtensibilityGlobals) = postSolution
		SolutionGuid = {E4365130-1B62-4524-9F89-D66E05481FD2}
	EndGlobalSection
EndGlobal
